
Microsoft Visual Studio Solution File, Format Version 12.00
# Visual Studio Version 17
VisualStudioVersion = 17.9.34616.47
MinimumVisualStudioVersion = 10.0.40219.1
Project("{9A19103F-16F7-4668-BE54-9A1E7A4F7556}") = "CircuitCentral", "e-commerce management system\CircuitCentral.csproj", "{6A81D178-110C-44A9-9AFC-F63C16E36513}"
EndProject
Global
	GlobalSection(SolutionConfigurationPlatforms) = preSolution
		Debug|Any CPU = Debug|Any CPU
		Release|Any CPU = Release|Any CPU
	EndGlobalSection
	GlobalSection(ProjectConfigurationPlatforms) = postSolution
		{6A81D178-110C-44A9-9AFC-F63C16E36513}.Debug|Any CPU.ActiveCfg = Debug|Any CPU
		{6A81D178-110C-44A9-9AFC-F63C16E36513}.Debug|Any CPU.Build.0 = Debug|Any CPU
		{6A81D178-110C-44A9-9AFC-F63C16E36513}.Release|Any CPU.ActiveCfg = Release|Any CPU
		{6A81D178-110C-44A9-9AFC-F63C16E36513}.Release|Any CPU.Build.0 = Release|Any CPU
	EndGlobalSection
	GlobalSection(SolutionProperties) = preSolution
		HideSolutionNode = FALSE
	EndGlobalSection
	GlobalSection(ExtensibilityGlobals) = postSolution
		SolutionGuid = {BAFCF578-5546-4664-BAAB-22262C80F0C6}
	EndGlobalSection
EndGlobal
